
Microsoft Visual Studio Solution File, Format Version 12.00
# Visual Studio Version 16
VisualStudioVersion = 16.0.31424.327
MinimumVisualStudioVersion = 10.0.40219.1
Project("{FAE04EC0-301F-11D3-BF4B-00C04F79EFBC}") = "pet-store", "pet-store.csproj", "{B072FC0F-C342-4912-9D9F-F315B225BF61}"
EndProject
Global
	GlobalSection(SolutionConfigurationPlatforms) = preSolution
		Debug|Any CPU = Debug|Any CPU
		Release|Any CPU = Release|Any CPU
	EndGlobalSection
	GlobalSection(ProjectConfigurationPlatforms) = postSolution
		{B072FC0F-C342-4912-9D9F-F315B225BF61}.Debug|Any CPU.ActiveCfg = Debug|Any CPU
		{B072FC0F-C342-4912-9D9F-F315B225BF61}.Debug|Any CPU.Build.0 = Debug|Any CPU
		{B072FC0F-C342-4912-9D9F-F315B225BF61}.Release|Any CPU.ActiveCfg = Release|Any CPU
		{B072FC0F-C342-4912-9D9F-F315B225BF61}.Release|Any CPU.Build.0 = Release|Any CPU
	EndGlobalSection
	GlobalSection(SolutionProperties) = preSolution
		HideSolutionNode = FALSE
	EndGlobalSection
	GlobalSection(ExtensibilityGlobals) = postSolution
		SolutionGuid = {343469A4-5642-46EE-BE97-C835856ED838}
	EndGlobalSection
EndGlobal
